// !$*UTF8*$!
{
	archiveVersion = 1;
	classes = {
	};
	objectVersion = 50;
	objects = {

/* Begin PBXBuildFile section */
		52A8817C2451400D00C94B4F /* AppDelegate.swift in Sources */ = {isa = PBXBuildFile; fileRef = 52A8817B2451400D00C94B4F /* AppDelegate.swift */; };
		52A8817E2451400D00C94B4F /* SceneDelegate.swift in Sources */ = {isa = PBXBuildFile; fileRef = 52A8817D2451400D00C94B4F /* SceneDelegate.swift */; };
		52A881802451400D00C94B4F /* ContentView.swift in Sources */ = {isa = PBXBuildFile; fileRef = 52A8817F2451400D00C94B4F /* ContentView.swift */; };
		52A881822451401200C94B4F /* Assets.xcassets in Resources */ = {isa = PBXBuildFile; fileRef = 52A881812451401200C94B4F /* Assets.xcassets */; };
		52A881852451401200C94B4F /* Preview Assets.xcassets in Resources */ = {isa = PBXBuildFile; fileRef = 52A881842451401200C94B4F /* Preview Assets.xcassets */; };
		52A881882451401200C94B4F /* LaunchScreen.storyboard in Resources */ = {isa = PBXBuildFile; fileRef = 52A881862451401200C94B4F /* LaunchScreen.storyboard */; };
		52A881932451401200C94B4F /* WorkflowSampleTests.swift in Sources */ = {isa = PBXBuildFile; fileRef = 52A881922451401200C94B4F /* WorkflowSampleTests.swift */; };
/* End PBXBuildFile section */

/* Begin PBXContainerItemProxy section */
		52A8818F2451401200C94B4F /* PBXContainerItemProxy */ = {
			isa = PBXContainerItemProxy;
			containerPortal = 52A881702451400D00C94B4F /* Project object */;
			proxyType = 1;
			remoteGlobalIDString = 52A881772451400D00C94B4F;
			remoteInfo = WorkflowSample;
		};
/* End PBXContainerItemProxy section */

/* Begin PBXFileReference section */
		52A881782451400D00C94B4F /* WorkflowSample.app */ = {isa = PBXFileReference; explicitFileType = wrapper.application; includeInIndex = 0; path = WorkflowSample.app; sourceTree = BUILT_PRODUCTS_DIR; };
		52A8817B2451400D00C94B4F /* AppDelegate.swift */ = {isa = PBXFileReference; lastKnownFileType = sourcecode.swift; path = AppDelegate.swift; sourceTree = "<group>"; };
		52A8817D2451400D00C94B4F /* SceneDelegate.swift */ = {isa = PBXFileReference; lastKnownFileType = sourcecode.swift; path = SceneDelegate.swift; sourceTree = "<group>"; };
		52A8817F2451400D00C94B4F /* ContentView.swift */ = {isa = PBXFileReference; lastKnownFileType = sourcecode.swift; path = ContentView.swift; sourceTree = "<group>"; };
		52A881812451401200C94B4F /* Assets.xcassets */ = {isa = PBXFileReference; lastKnownFileType = folder.assetcatalog; path = Assets.xcassets; sourceTree = "<group>"; };
		52A881842451401200C94B4F /* Preview Assets.xcassets */ = {isa = PBXFileReference; lastKnownFileType = folder.assetcatalog; path = "Preview Assets.xcassets"; sourceTree = "<group>"; };
		52A881872451401200C94B4F /* Base */ = {isa = PBXFileReference; lastKnownFileType = file.storyboard; name = Base; path = Base.lproj/LaunchScreen.storyboard; sourceTree = "<group>"; };
		52A881892451401200C94B4F /* Info.plist */ = {isa = PBXFileReference; lastKnownFileType = text.plist.xml; path = Info.plist; sourceTree = "<group>"; };
		52A8818E2451401200C94B4F /* WorkflowSampleTests.xctest */ = {isa = PBXFileReference; explicitFileType = wrapper.cfbundle; includeInIndex = 0; path = WorkflowSampleTests.xctest; sourceTree = BUILT_PRODUCTS_DIR; };
		52A881922451401200C94B4F /* WorkflowSampleTests.swift */ = {isa = PBXFileReference; lastKnownFileType = sourcecode.swift; path = WorkflowSampleTests.swift; sourceTree = "<group>"; };
		52A881942451401200C94B4F /* Info.plist */ = {isa = PBXFileReference; lastKnownFileType = text.plist.xml; path = Info.plist; sourceTree = "<group>"; };
/* End PBXFileReference section */

/* Begin PBXFrameworksBuildPhase section */
		52A881752451400D00C94B4F /* Frameworks */ = {
			isa = PBXFrameworksBuildPhase;
			buildActionMask = 2147483647;
			files = (
			);
			runOnlyForDeploymentPostprocessing = 0;
		};
		52A8818B2451401200C94B4F /* Frameworks */ = {
			isa = PBXFrameworksBuildPhase;
			buildActionMask = 2147483647;
			files = (
			);
			runOnlyForDeploymentPostprocessing = 0;
		};
/* End PBXFrameworksBuildPhase section */

/* Begin PBXGroup section */
		52A8816F2451400D00C94B4F = {
			isa = PBXGroup;
			children = (
				52A8817A2451400D00C94B4F /* WorkflowSample */,
				52A881912451401200C94B4F /* WorkflowSampleTests */,
				52A881792451400D00C94B4F /* Products */,
			);
			sourceTree = "<group>";
		};
		52A881792451400D00C94B4F /* Products */ = {
			isa = PBXGroup;
			children = (
				52A881782451400D00C94B4F /* WorkflowSample.app */,
				52A8818E2451401200C94B4F /* WorkflowSampleTests.xctest */,
			);
			name = Products;
			sourceTree = "<group>";
		};
		52A8817A2451400D00C94B4F /* WorkflowSample */ = {
			isa = PBXGroup;
			children = (
				52A8817B2451400D00C94B4F /* AppDelegate.swift */,
				52A8817D2451400D00C94B4F /* SceneDelegate.swift */,
				52A8817F2451400D00C94B4F /* ContentView.swift */,
				52A881812451401200C94B4F /* Assets.xcassets */,
				52A881862451401200C94B4F /* LaunchScreen.storyboard */,
				52A881892451401200C94B4F /* Info.plist */,
				52A881832451401200C94B4F /* Preview Content */,
			);
			path = WorkflowSample;
			sourceTree = "<group>";
		};
		52A881832451401200C94B4F /* Preview Content */ = {
			isa = PBXGroup;
			children = (
				52A881842451401200C94B4F /* Preview Assets.xcassets */,
			);
			path = "Preview Content";
			sourceTree = "<group>";
		};
		52A881912451401200C94B4F /* WorkflowSampleTests */ = {
			isa = PBXGroup;
			children = (
				52A881922451401200C94B4F /* WorkflowSampleTests.swift */,
				52A881942451401200C94B4F /* Info.plist */,
			);
			path = WorkflowSampleTests;
			sourceTree = "<group>";
		};
/* End PBXGroup section */

/* Begin PBXNativeTarget section */
		52A881772451400D00C94B4F /* WorkflowSample */ = {
			isa = PBXNativeTarget;
			buildConfigurationList = 52A881972451401200C94B4F /* Build configuration list for PBXNativeTarget "WorkflowSample" */;
			buildPhases = (
				52A881742451400D00C94B4F /* Sources */,
				52A881752451400D00C94B4F /* Frameworks */,
				52A881762451400D00C94B4F /* Resources */,
				52063303245149BE00D7F984 /* SwiftLint */,
			);
			buildRules = (
			);
			dependencies = (
			);
			name = WorkflowSample;
			productName = WorkflowSample;
			productReference = 52A881782451400D00C94B4F /* WorkflowSample.app */;
			productType = "com.apple.product-type.application";
		};
		52A8818D2451401200C94B4F /* WorkflowSampleTests */ = {
			isa = PBXNativeTarget;
			buildConfigurationList = 52A8819A2451401200C94B4F /* Build configuration list for PBXNativeTarget "WorkflowSampleTests" */;
			buildPhases = (
				52A8818A2451401200C94B4F /* Sources */,
				52A8818B2451401200C94B4F /* Frameworks */,
				52A8818C2451401200C94B4F /* Resources */,
			);
			buildRules = (
			);
			dependencies = (
				52A881902451401200C94B4F /* PBXTargetDependency */,
			);
			name = WorkflowSampleTests;
			productName = WorkflowSampleTests;
			productReference = 52A8818E2451401200C94B4F /* WorkflowSampleTests.xctest */;
			productType = "com.apple.product-type.bundle.unit-test";
		};
/* End PBXNativeTarget section */

/* Begin PBXProject section */
		52A881702451400D00C94B4F /* Project object */ = {
			isa = PBXProject;
			attributes = {
				LastSwiftUpdateCheck = 1140;
				LastUpgradeCheck = 1140;
				ORGANIZATIONNAME = "Visa Inc.";
				TargetAttributes = {
					52A881772451400D00C94B4F = {
						CreatedOnToolsVersion = 11.4.1;
					};
					52A8818D2451401200C94B4F = {
						CreatedOnToolsVersion = 11.4.1;
						TestTargetID = 52A881772451400D00C94B4F;
					};
				};
			};
			buildConfigurationList = 52A881732451400D00C94B4F /* Build configuration list for PBXProject "WorkflowSample" */;
			compatibilityVersion = "Xcode 9.3";
			developmentRegion = en;
			hasScannedForEncodings = 0;
			knownRegions = (
				en,
				Base,
			);
			mainGroup = 52A8816F2451400D00C94B4F;
			productRefGroup = 52A881792451400D00C94B4F /* Products */;
			projectDirPath = "";
			projectRoot = "";
			targets = (
				52A881772451400D00C94B4F /* WorkflowSample */,
				52A8818D2451401200C94B4F /* WorkflowSampleTests */,
			);
		};
/* End PBXProject section */

/* Begin PBXResourcesBuildPhase section */
		52A881762451400D00C94B4F /* Resources */ = {
			isa = PBXResourcesBuildPhase;
			buildActionMask = 2147483647;
			files = (
				52A881882451401200C94B4F /* LaunchScreen.storyboard in Resources */,
				52A881852451401200C94B4F /* Preview Assets.xcassets in Resources */,
				52A881822451401200C94B4F /* Assets.xcassets in Resources */,
			);
			runOnlyForDeploymentPostprocessing = 0;
		};
		52A8818C2451401200C94B4F /* Resources */ = {
			isa = PBXResourcesBuildPhase;
			buildActionMask = 2147483647;
			files = (
			);
			runOnlyForDeploymentPostprocessing = 0;
		};
/* End PBXResourcesBuildPhase section */

/* Begin PBXShellScriptBuildPhase section */
		52063303245149BE00D7F984 /* SwiftLint */ = {
			isa = PBXShellScriptBuildPhase;
			buildActionMask = 2147483647;
			files = (
			);
			inputFileListPaths = (
			);
			inputPaths = (
			);
			name = SwiftLint;
			outputFileListPaths = (
			);
			outputPaths = (
			);
			runOnlyForDeploymentPostprocessing = 0;
			shellPath = /bin/sh;
			shellScript = "./Submodules/WeTransfer-iOS-CI/SwiftLint/swiftlint.sh\n";
		};
/* End PBXShellScriptBuildPhase section */

/* Begin PBXSourcesBuildPhase section */
		52A881742451400D00C94B4F /* Sources */ = {
			isa = PBXSourcesBuildPhase;
			buildActionMask = 2147483647;
			files = (
				52A8817C2451400D00C94B4F /* AppDelegate.swift in Sources */,
				52A8817E2451400D00C94B4F /* SceneDelegate.swift in Sources */,
				52A881802451400D00C94B4F /* ContentView.swift in Sources */,
			);
			runOnlyForDeploymentPostprocessing = 0;
		};
		52A8818A2451401200C94B4F /* Sources */ = {
			isa = PBXSourcesBuildPhase;
			buildActionMask = 2147483647;
			files = (
				52A881932451401200C94B4F /* WorkflowSampleTests.swift in Sources */,
			);
			runOnlyForDeploymentPostprocessing = 0;
		};
/* End PBXSourcesBuildPhase section */

/* Begin PBXTargetDependency section */
		52A881902451401200C94B4F /* PBXTargetDependency */ = {
			isa = PBXTargetDependency;
			target = 52A881772451400D00C94B4F /* WorkflowSample */;
			targetProxy = 52A8818F2451401200C94B4F /* PBXContainerItemProxy */;
		};
/* End PBXTargetDependency section */

/* Begin PBXVariantGroup section */
		52A881862451401200C94B4F /* LaunchScreen.storyboard */ = {
			isa = PBXVariantGroup;
			children = (
				52A881872451401200C94B4F /* Base */,
			);
			name = LaunchScreen.storyboard;
			sourceTree = "<group>";
		};
/* End PBXVariantGroup section */

/* Begin XCBuildConfiguration section */
		52A881952451401200C94B4F /* Debug */ = {
			isa = XCBuildConfiguration;
			buildSettings = {
				ALWAYS_SEARCH_USER_PATHS = NO;
				CLANG_ANALYZER_NONNULL = YES;
				CLANG_ANALYZER_NUMBER_OBJECT_CONVERSION = YES_AGGRESSIVE;
				CLANG_CXX_LANGUAGE_STANDARD = "gnu++14";
				CLANG_CXX_LIBRARY = "libc++";
				CLANG_ENABLE_MODULES = YES;
				CLANG_ENABLE_OBJC_ARC = YES;
				CLANG_ENABLE_OBJC_WEAK = YES;
				CLANG_WARN_BLOCK_CAPTURE_AUTORELEASING = YES;
				CLANG_WARN_BOOL_CONVERSION = YES;
				CLANG_WARN_COMMA = YES;
				CLANG_WARN_CONSTANT_CONVERSION = YES;
				CLANG_WARN_DEPRECATED_OBJC_IMPLEMENTATIONS = YES;
				CLANG_WARN_DIRECT_OBJC_ISA_USAGE = YES_ERROR;
				CLANG_WARN_DOCUMENTATION_COMMENTS = YES;
				CLANG_WARN_EMPTY_BODY = YES;
				CLANG_WARN_ENUM_CONVERSION = YES;
				CLANG_WARN_INFINITE_RECURSION = YES;
				CLANG_WARN_INT_CONVERSION = YES;
				CLANG_WARN_NON_LITERAL_NULL_CONVERSION = YES;
				CLANG_WARN_OBJC_IMPLICIT_RETAIN_SELF = YES;
				CLANG_WARN_OBJC_LITERAL_CONVERSION = YES;
				CLANG_WARN_OBJC_ROOT_CLASS = YES_ERROR;
				CLANG_WARN_RANGE_LOOP_ANALYSIS = YES;
				CLANG_WARN_STRICT_PROTOTYPES = YES;
				CLANG_WARN_SUSPICIOUS_MOVE = YES;
				CLANG_WARN_UNGUARDED_AVAILABILITY = YES_AGGRESSIVE;
				CLANG_WARN_UNREACHABLE_CODE = YES;
				CLANG_WARN__DUPLICATE_METHOD_MATCH = YES;
				COPY_PHASE_STRIP = NO;
				DEBUG_INFORMATION_FORMAT = dwarf;
				ENABLE_STRICT_OBJC_MSGSEND = YES;
				ENABLE_TESTABILITY = YES;
				GCC_C_LANGUAGE_STANDARD = gnu11;
				GCC_DYNAMIC_NO_PIC = NO;
				GCC_NO_COMMON_BLOCKS = YES;
				GCC_OPTIMIZATION_LEVEL = 0;
				GCC_PREPROCESSOR_DEFINITIONS = (
					"DEBUG=1",
					"$(inherited)",
				);
				GCC_WARN_64_TO_32_BIT_CONVERSION = YES;
				GCC_WARN_ABOUT_RETURN_TYPE = YES_ERROR;
				GCC_WARN_UNDECLARED_SELECTOR = YES;
				GCC_WARN_UNINITIALIZED_AUTOS = YES_AGGRESSIVE;
				GCC_WARN_UNUSED_FUNCTION = YES;
				GCC_WARN_UNUSED_VARIABLE = YES;
				IPHONEOS_DEPLOYMENT_TARGET = 13.4;
				MTL_ENABLE_DEBUG_INFO = INCLUDE_SOURCE;
				MTL_FAST_MATH = YES;
				ONLY_ACTIVE_ARCH = YES;
				SDKROOT = iphoneos;
				SWIFT_ACTIVE_COMPILATION_CONDITIONS = DEBUG;
				SWIFT_OPTIMIZATION_LEVEL = "-Onone";
			};
			name = Debug;
		};
		52A881962451401200C94B4F /* Release */ = {
			isa = XCBuildConfiguration;
			buildSettings = {
				ALWAYS_SEARCH_USER_PATHS = NO;
				CLANG_ANALYZER_NONNULL = YES;
				CLANG_ANALYZER_NUMBER_OBJECT_CONVERSION = YES_AGGRESSIVE;
				CLANG_CXX_LANGUAGE_STANDARD = "gnu++14";
				CLANG_CXX_LIBRARY = "libc++";
				CLANG_ENABLE_MODULES = YES;
				CLANG_ENABLE_OBJC_ARC = YES;
				CLANG_ENABLE_OBJC_WEAK = YES;
				CLANG_WARN_BLOCK_CAPTURE_AUTORELEASING = YES;
				CLANG_WARN_BOOL_CONVERSION = YES;
				CLANG_WARN_COMMA = YES;
				CLANG_WARN_CONSTANT_CONVERSION = YES;
				CLANG_WARN_DEPRECATED_OBJC_IMPLEMENTATIONS = YES;
				CLANG_WARN_DIRECT_OBJC_ISA_USAGE = YES_ERROR;
				CLANG_WARN_DOCUMENTATION_COMMENTS = YES;
				CLANG_WARN_EMPTY_BODY = YES;
				CLANG_WARN_ENUM_CONVERSION = YES;
				CLANG_WARN_INFINITE_RECURSION = YES;
				CLANG_WARN_INT_CONVERSION = YES;
				CLANG_WARN_NON_LITERAL_NULL_CONVERSION = YES;
				CLANG_WARN_OBJC_IMPLICIT_RETAIN_SELF = YES;
				CLANG_WARN_OBJC_LITERAL_CONVERSION = YES;
				CLANG_WARN_OBJC_ROOT_CLASS = YES_ERROR;
				CLANG_WARN_RANGE_LOOP_ANALYSIS = YES;
				CLANG_WARN_STRICT_PROTOTYPES = YES;
				CLANG_WARN_SUSPICIOUS_MOVE = YES;
				CLANG_WARN_UNGUARDED_AVAILABILITY = YES_AGGRESSIVE;
				CLANG_WARN_UNREACHABLE_CODE = YES;
				CLANG_WARN__DUPLICATE_METHOD_MATCH = YES;
				COPY_PHASE_STRIP = NO;
				DEBUG_INFORMATION_FORMAT = "dwarf-with-dsym";
				ENABLE_NS_ASSERTIONS = NO;
				ENABLE_STRICT_OBJC_MSGSEND = YES;
				GCC_C_LANGUAGE_STANDARD = gnu11;
				GCC_NO_COMMON_BLOCKS = YES;
				GCC_WARN_64_TO_32_BIT_CONVERSION = YES;
				GCC_WARN_ABOUT_RETURN_TYPE = YES_ERROR;
				GCC_WARN_UNDECLARED_SELECTOR = YES;
				GCC_WARN_UNINITIALIZED_AUTOS = YES_AGGRESSIVE;
				GCC_WARN_UNUSED_FUNCTION = YES;
				GCC_WARN_UNUSED_VARIABLE = YES;
				IPHONEOS_DEPLOYMENT_TARGET = 13.4;
				MTL_ENABLE_DEBUG_INFO = NO;
				MTL_FAST_MATH = YES;
				SDKROOT = iphoneos;
				SWIFT_COMPILATION_MODE = wholemodule;
				SWIFT_OPTIMIZATION_LEVEL = "-O";
				VALIDATE_PRODUCT = YES;
			};
			name = Release;
		};
		52A881982451401200C94B4F /* Debug */ = {
			isa = XCBuildConfiguration;
			buildSettings = {
				ASSETCATALOG_COMPILER_APPICON_NAME = AppIcon;
				CODE_SIGN_STYLE = Automatic;
				DEVELOPMENT_ASSET_PATHS = "\"WorkflowSample/Preview Content\"";
				ENABLE_PREVIEWS = YES;
				INFOPLIST_FILE = WorkflowSample/Info.plist;
				LD_RUNPATH_SEARCH_PATHS = (
					"$(inherited)",
					"@executable_path/Frameworks",
				);
				PRODUCT_BUNDLE_IDENTIFIER = com.visa.singapore.WorkflowSample;
				PRODUCT_NAME = "$(TARGET_NAME)";
				SWIFT_VERSION = 5.0;
				TARGETED_DEVICE_FAMILY = "1,2";
			};
			name = Debug;
		};
		52A881992451401200C94B4F /* Release */ = {
			isa = XCBuildConfiguration;
			buildSettings = {
				ASSETCATALOG_COMPILER_APPICON_NAME = AppIcon;
				CODE_SIGN_STYLE = Automatic;
				DEVELOPMENT_ASSET_PATHS = "\"WorkflowSample/Preview Content\"";
				ENABLE_PREVIEWS = YES;
				INFOPLIST_FILE = WorkflowSample/Info.plist;
				LD_RUNPATH_SEARCH_PATHS = (
					"$(inherited)",
					"@executable_path/Frameworks",
				);
				PRODUCT_BUNDLE_IDENTIFIER = com.visa.singapore.WorkflowSample;
				PRODUCT_NAME = "$(TARGET_NAME)";
				SWIFT_VERSION = 5.0;
				TARGETED_DEVICE_FAMILY = "1,2";
			};
			name = Release;
		};
		52A8819B2451401200C94B4F /* Debug */ = {
			isa = XCBuildConfiguration;
			buildSettings = {
				ALWAYS_EMBED_SWIFT_STANDARD_LIBRARIES = YES;
				BUNDLE_LOADER = "$(TEST_HOST)";
				CODE_SIGN_STYLE = Automatic;
				INFOPLIST_FILE = WorkflowSampleTests/Info.plist;
				IPHONEOS_DEPLOYMENT_TARGET = 13.4;
				LD_RUNPATH_SEARCH_PATHS = (
					"$(inherited)",
					"@executable_path/Frameworks",
					"@loader_path/Frameworks",
				);
				PRODUCT_BUNDLE_IDENTIFIER = com.visa.singapore.WorkflowSampleTests;
				PRODUCT_NAME = "$(TARGET_NAME)";
				SWIFT_VERSION = 5.0;
				TARGETED_DEVICE_FAMILY = "1,2";
				TEST_HOST = "$(BUILT_PRODUCTS_DIR)/WorkflowSample.app/WorkflowSample";
			};
			name = Debug;
		};
		52A8819C2451401200C94B4F /* Release */ = {
			isa = XCBuildConfiguration;
			buildSettings = {
				ALWAYS_EMBED_SWIFT_STANDARD_LIBRARIES = YES;
				BUNDLE_LOADER = "$(TEST_HOST)";
				CODE_SIGN_STYLE = Automatic;
				INFOPLIST_FILE = WorkflowSampleTests/Info.plist;
				IPHONEOS_DEPLOYMENT_TARGET = 13.4;
				LD_RUNPATH_SEARCH_PATHS = (
					"$(inherited)",
					"@executable_path/Frameworks",
					"@loader_path/Frameworks",
				);
				PRODUCT_BUNDLE_IDENTIFIER = com.visa.singapore.WorkflowSampleTests;
				PRODUCT_NAME = "$(TARGET_NAME)";
				SWIFT_VERSION = 5.0;
				TARGETED_DEVICE_FAMILY = "1,2";
				TEST_HOST = "$(BUILT_PRODUCTS_DIR)/WorkflowSample.app/WorkflowSample";
			};
			name = Release;
		};
/* End XCBuildConfiguration section */

/* Begin XCConfigurationList section */
		52A881732451400D00C94B4F /* Build configuration list for PBXProject "WorkflowSample" */ = {
			isa = XCConfigurationList;
			buildConfigurations = (
				52A881952451401200C94B4F /* Debug */,
				52A881962451401200C94B4F /* Release */,
			);
			defaultConfigurationIsVisible = 0;
			defaultConfigurationName = Release;
		};
		52A881972451401200C94B4F /* Build configuration list for PBXNativeTarget "WorkflowSample" */ = {
			isa = XCConfigurationList;
			buildConfigurations = (
				52A881982451401200C94B4F /* Debug */,
				52A881992451401200C94B4F /* Release */,
			);
			defaultConfigurationIsVisible = 0;
			defaultConfigurationName = Release;
		};
		52A8819A2451401200C94B4F /* Build configuration list for PBXNativeTarget "WorkflowSampleTests" */ = {
			isa = XCConfigurationList;
			buildConfigurations = (
				52A8819B2451401200C94B4F /* Debug */,
				52A8819C2451401200C94B4F /* Release */,
			);
			defaultConfigurationIsVisible = 0;
			defaultConfigurationName = Release;
		};
/* End XCConfigurationList section */
	};
	rootObject = 52A881702451400D00C94B4F /* Project object */;
}
